
Microsoft Visual Studio Solution File, Format Version 12.00
# Visual Studio Version 17
VisualStudioVersion = 17.0.32014.148
MinimumVisualStudioVersion = 10.0.40219.1
Project("{9A19103F-16F7-4668-BE54-9A1E7A4F7556}") = "Yardarm.Build.Tasks", "Yardarm.Build.Tasks\Yardarm.Build.Tasks.csproj", "{2EA45875-54AE-4639-A04B-48CC72E4F7B4}"
EndProject
Global
	GlobalSection(SolutionConfigurationPlatforms) = preSolution
		Debug|Any CPU = Debug|Any CPU
		Release|Any CPU = Release|Any CPU
	EndGlobalSection
	GlobalSection(ProjectConfigurationPlatforms) = postSolution
		{2EA45875-54AE-4639-A04B-48CC72E4F7B4}.Debug|Any CPU.ActiveCfg = Debug|Any CPU
		{2EA45875-54AE-4639-A04B-48CC72E4F7B4}.Debug|Any CPU.Build.0 = Debug|Any CPU
		{2EA45875-54AE-4639-A04B-48CC72E4F7B4}.Release|Any CPU.ActiveCfg = Release|Any CPU
		{2EA45875-54AE-4639-A04B-48CC72E4F7B4}.Release|Any CPU.Build.0 = Release|Any CPU
	EndGlobalSection
	GlobalSection(SolutionProperties) = preSolution
		HideSolutionNode = FALSE
	EndGlobalSection
	GlobalSection(ExtensibilityGlobals) = postSolution
		SolutionGuid = {5FA8CB21-CF53-4946-B3CE-83851B5E3FFB}
	EndGlobalSection
EndGlobal
