
Microsoft Visual Studio Solution File, Format Version 12.00
# Visual Studio Version 17
VisualStudioVersion = 17.3.32811.315
MinimumVisualStudioVersion = 10.0.40219.1
Project("{9A19103F-16F7-4668-BE54-9A1E7A4F7556}") = "Yardarm.Sdk.Test", "Yardarm.Sdk.Test\Yardarm.Sdk.Test.csproj", "{8BA376AD-0DF4-49C6-811A-B23416AC99C6}"
EndProject
Global
	GlobalSection(SolutionConfigurationPlatforms) = preSolution
		Debug|Any CPU = Debug|Any CPU
		Release|Any CPU = Release|Any CPU
	EndGlobalSection
	GlobalSection(ProjectConfigurationPlatforms) = postSolution
		{8BA376AD-0DF4-49C6-811A-B23416AC99C6}.Debug|Any CPU.ActiveCfg = Debug|Any CPU
		{8BA376AD-0DF4-49C6-811A-B23416AC99C6}.Debug|Any CPU.Build.0 = Debug|Any CPU
		{8BA376AD-0DF4-49C6-811A-B23416AC99C6}.Release|Any CPU.ActiveCfg = Release|Any CPU
		{8BA376AD-0DF4-49C6-811A-B23416AC99C6}.Release|Any CPU.Build.0 = Release|Any CPU
	EndGlobalSection
	GlobalSection(SolutionProperties) = preSolution
		HideSolutionNode = FALSE
	EndGlobalSection
	GlobalSection(ExtensibilityGlobals) = postSolution
		SolutionGuid = {EEF1F30F-AFB5-4674-A75D-FD0C99AB00FA}
	EndGlobalSection
EndGlobal
